# THIS IS AN AUTOGENERATED FILE. DO NOT EDIT THIS FILE DIRECTLY.
# yarn lockfile v1


fsevents@~2.3.2:
  version "2.3.2"
  resolved "https://registry.yarnpkg.com/fsevents/-/fsevents-2.3.2.tgz#8a526f78b8fdf4623b709e0b975c52c24c02fd1a"
  integrity sha512-xiqMQR4xAeHTuB9uWm+fFRcIOgKBMiOBP+eXiyT7jsgVCq1bkVygt00oASowB7EdtpOHaaPgKt812P9ab+DDKA==

rollup@^2.58.3:
  version "2.58.3"
  resolved "https://registry.yarnpkg.com/rollup/-/rollup-2.58.3.tgz#71a08138d9515fb65043b6a18618b2ed9ac8d239"
  integrity sha512-ei27MSw1KhRur4p87Q0/Va2NAYqMXOX++FNEumMBcdreIRLURKy+cE2wcDJKBn0nfmhP2ZGrJkP1XPO+G8FJQw==
  optionalDependencies:
    fsevents "~2.3.2"
